// !$*UTF8*$!
{
	archiveVersion = 1;
	classes = {
	};
	objectVersion = 50;
	objects = {

/* Begin PBXBuildFile section */
		6369D42D0F11341997F53C5E /* Pods_car_list.framework in Frameworks */ = {isa = PBXBuildFile; fileRef = E6C5DB90ECEB7AC232D6FA51 /* Pods_car_list.framework */; };
		711C1C2F214E3CD1003FB8A5 /* AppDelegate.swift in Sources */ = {isa = PBXBuildFile; fileRef = 711C1C2E214E3CD1003FB8A5 /* AppDelegate.swift */; };
		711C1C31214E3CD1003FB8A5 /* ViewController.swift in Sources */ = {isa = PBXBuildFile; fileRef = 711C1C30214E3CD1003FB8A5 /* ViewController.swift */; };
		711C1C34214E3CD1003FB8A5 /* Main.storyboard in Resources */ = {isa = PBXBuildFile; fileRef = 711C1C32214E3CD1003FB8A5 /* Main.storyboard */; };
		711C1C37214E3CD1003FB8A5 /* car_list.xcdatamodeld in Sources */ = {isa = PBXBuildFile; fileRef = 711C1C35214E3CD1003FB8A5 /* car_list.xcdatamodeld */; };
		711C1C39214E3CD2003FB8A5 /* Assets.xcassets in Resources */ = {isa = PBXBuildFile; fileRef = 711C1C38214E3CD2003FB8A5 /* Assets.xcassets */; };
		711C1C3C214E3CD2003FB8A5 /* LaunchScreen.storyboard in Resources */ = {isa = PBXBuildFile; fileRef = 711C1C3A214E3CD2003FB8A5 /* LaunchScreen.storyboard */; };
		7169EB3D214E46CA00413BEF /* NSManagedObjectContext+Rx.swift in Sources */ = {isa = PBXBuildFile; fileRef = 7169EB3C214E46CA00413BEF /* NSManagedObjectContext+Rx.swift */; };
		7169EB40214E491500413BEF /* Persistable.swift in Sources */ = {isa = PBXBuildFile; fileRef = 7169EB3F214E491500413BEF /* Persistable.swift */; };
		7169EB42214E492D00413BEF /* DomainConvertibleType.swift in Sources */ = {isa = PBXBuildFile; fileRef = 7169EB41214E492D00413BEF /* DomainConvertibleType.swift */; };
		7169EB44214E497A00413BEF /* FetchedResultsControllerEntityObserver.swift in Sources */ = {isa = PBXBuildFile; fileRef = 7169EB43214E497A00413BEF /* FetchedResultsControllerEntityObserver.swift */; };
		7169EB46214E49AD00413BEF /* ContextScheduler.swift in Sources */ = {isa = PBXBuildFile; fileRef = 7169EB45214E49AD00413BEF /* ContextScheduler.swift */; };
		7169EB48214E4A5500413BEF /* ContextExecutor.swift in Sources */ = {isa = PBXBuildFile; fileRef = 7169EB47214E4A5500413BEF /* ContextExecutor.swift */; };
		7169EB4A214E4A6D00413BEF /* Repository.swift in Sources */ = {isa = PBXBuildFile; fileRef = 7169EB49214E4A6D00413BEF /* Repository.swift */; };
		7169EB4C214E4B1F00413BEF /* ManagedObjectModel.swift in Sources */ = {isa = PBXBuildFile; fileRef = 7169EB4B214E4B1F00413BEF /* ManagedObjectModel.swift */; };
		7169EB4E214E4B3C00413BEF /* CoreDataStackProvider.swift in Sources */ = {isa = PBXBuildFile; fileRef = 7169EB4D214E4B3C00413BEF /* CoreDataStackProvider.swift */; };
		7169EB51214E55CA00413BEF /* CarsStorage.swift in Sources */ = {isa = PBXBuildFile; fileRef = 7169EB50214E55CA00413BEF /* CarsStorage.swift */; };
		7169EB5B214E599B00413BEF /* CarModel.swift in Sources */ = {isa = PBXBuildFile; fileRef = 7169EB5A214E599B00413BEF /* CarModel.swift */; };
		7169EB5E214E5AA400413BEF /* APIService.swift in Sources */ = {isa = PBXBuildFile; fileRef = 7169EB5D214E5AA400413BEF /* APIService.swift */; };
		7169EB60214E609100413BEF /* CarOwnerModel.swift in Sources */ = {isa = PBXBuildFile; fileRef = 7169EB5F214E609100413BEF /* CarOwnerModel.swift */; };
		7169EB65214E612B00413BEF /* CarCoreData+CoreDataProperties.swift in Sources */ = {isa = PBXBuildFile; fileRef = 7169EB61214E612B00413BEF /* CarCoreData+CoreDataProperties.swift */; };
		7169EB66214E612B00413BEF /* CarCoreData+CoreDataClass.swift in Sources */ = {isa = PBXBuildFile; fileRef = 7169EB62214E612B00413BEF /* CarCoreData+CoreDataClass.swift */; };
		7169EB67214E612B00413BEF /* CarOwnerCoreData+CoreDataProperties.swift in Sources */ = {isa = PBXBuildFile; fileRef = 7169EB63214E612B00413BEF /* CarOwnerCoreData+CoreDataProperties.swift */; };
		7169EB68214E612B00413BEF /* CarOwnerCoreData+CoreDataClass.swift in Sources */ = {isa = PBXBuildFile; fileRef = 7169EB64214E612B00413BEF /* CarOwnerCoreData+CoreDataClass.swift */; };
		7169EB6A214E6B8A00413BEF /* NSManagedObjectContext+Ext.swift in Sources */ = {isa = PBXBuildFile; fileRef = 7169EB69214E6B8A00413BEF /* NSManagedObjectContext+Ext.swift */; };
/* End PBXBuildFile section */

/* Begin PBXFileReference section */
		1AE59CADAB92CD96DAB3D48D /* Pods-car-list.debug.xcconfig */ = {isa = PBXFileReference; includeInIndex = 1; lastKnownFileType = text.xcconfig; name = "Pods-car-list.debug.xcconfig"; path = "Pods/Target Support Files/Pods-car-list/Pods-car-list.debug.xcconfig"; sourceTree = "<group>"; };
		711C1C2B214E3CD1003FB8A5 /* car-list.app */ = {isa = PBXFileReference; explicitFileType = wrapper.application; includeInIndex = 0; path = "car-list.app"; sourceTree = BUILT_PRODUCTS_DIR; };
		711C1C2E214E3CD1003FB8A5 /* AppDelegate.swift */ = {isa = PBXFileReference; lastKnownFileType = sourcecode.swift; path = AppDelegate.swift; sourceTree = "<group>"; };
		711C1C30214E3CD1003FB8A5 /* ViewController.swift */ = {isa = PBXFileReference; lastKnownFileType = sourcecode.swift; path = ViewController.swift; sourceTree = "<group>"; };
		711C1C33214E3CD1003FB8A5 /* Base */ = {isa = PBXFileReference; lastKnownFileType = file.storyboard; name = Base; path = Base.lproj/Main.storyboard; sourceTree = "<group>"; };
		711C1C36214E3CD1003FB8A5 /* car_list.xcdatamodel */ = {isa = PBXFileReference; lastKnownFileType = wrapper.xcdatamodel; path = car_list.xcdatamodel; sourceTree = "<group>"; };
		711C1C38214E3CD2003FB8A5 /* Assets.xcassets */ = {isa = PBXFileReference; lastKnownFileType = folder.assetcatalog; path = Assets.xcassets; sourceTree = "<group>"; };
		711C1C3B214E3CD2003FB8A5 /* Base */ = {isa = PBXFileReference; lastKnownFileType = file.storyboard; name = Base; path = Base.lproj/LaunchScreen.storyboard; sourceTree = "<group>"; };
		711C1C3D214E3CD2003FB8A5 /* Info.plist */ = {isa = PBXFileReference; lastKnownFileType = text.plist.xml; path = Info.plist; sourceTree = "<group>"; };
		7169EB3C214E46CA00413BEF /* NSManagedObjectContext+Rx.swift */ = {isa = PBXFileReference; lastKnownFileType = sourcecode.swift; path = "NSManagedObjectContext+Rx.swift"; sourceTree = "<group>"; };
		7169EB3F214E491500413BEF /* Persistable.swift */ = {isa = PBXFileReference; lastKnownFileType = sourcecode.swift; path = Persistable.swift; sourceTree = "<group>"; };
		7169EB41214E492D00413BEF /* DomainConvertibleType.swift */ = {isa = PBXFileReference; lastKnownFileType = sourcecode.swift; path = DomainConvertibleType.swift; sourceTree = "<group>"; };
		7169EB43214E497A00413BEF /* FetchedResultsControllerEntityObserver.swift */ = {isa = PBXFileReference; lastKnownFileType = sourcecode.swift; path = FetchedResultsControllerEntityObserver.swift; sourceTree = "<group>"; };
		7169EB45214E49AD00413BEF /* ContextScheduler.swift */ = {isa = PBXFileReference; lastKnownFileType = sourcecode.swift; path = ContextScheduler.swift; sourceTree = "<group>"; };
		7169EB47214E4A5500413BEF /* ContextExecutor.swift */ = {isa = PBXFileReference; lastKnownFileType = sourcecode.swift; path = ContextExecutor.swift; sourceTree = "<group>"; };
		7169EB49214E4A6D00413BEF /* Repository.swift */ = {isa = PBXFileReference; lastKnownFileType = sourcecode.swift; path = Repository.swift; sourceTree = "<group>"; };
		7169EB4B214E4B1F00413BEF /* ManagedObjectModel.swift */ = {isa = PBXFileReference; lastKnownFileType = sourcecode.swift; path = ManagedObjectModel.swift; sourceTree = "<group>"; };
		7169EB4D214E4B3C00413BEF /* CoreDataStackProvider.swift */ = {isa = PBXFileReference; lastKnownFileType = sourcecode.swift; path = CoreDataStackProvider.swift; sourceTree = "<group>"; };
		7169EB50214E55CA00413BEF /* CarsStorage.swift */ = {isa = PBXFileReference; lastKnownFileType = sourcecode.swift; path = CarsStorage.swift; sourceTree = "<group>"; };
		7169EB5A214E599B00413BEF /* CarModel.swift */ = {isa = PBXFileReference; lastKnownFileType = sourcecode.swift; path = CarModel.swift; sourceTree = "<group>"; };
		7169EB5D214E5AA400413BEF /* APIService.swift */ = {isa = PBXFileReference; lastKnownFileType = sourcecode.swift; path = APIService.swift; sourceTree = "<group>"; };
		7169EB5F214E609100413BEF /* CarOwnerModel.swift */ = {isa = PBXFileReference; lastKnownFileType = sourcecode.swift; path = CarOwnerModel.swift; sourceTree = "<group>"; };
		7169EB61214E612B00413BEF /* CarCoreData+CoreDataProperties.swift */ = {isa = PBXFileReference; fileEncoding = 4; lastKnownFileType = sourcecode.swift; path = "CarCoreData+CoreDataProperties.swift"; sourceTree = SOURCE_ROOT; };
		7169EB62214E612B00413BEF /* CarCoreData+CoreDataClass.swift */ = {isa = PBXFileReference; fileEncoding = 4; lastKnownFileType = sourcecode.swift; path = "CarCoreData+CoreDataClass.swift"; sourceTree = SOURCE_ROOT; };
		7169EB63214E612B00413BEF /* CarOwnerCoreData+CoreDataProperties.swift */ = {isa = PBXFileReference; fileEncoding = 4; lastKnownFileType = sourcecode.swift; path = "CarOwnerCoreData+CoreDataProperties.swift"; sourceTree = SOURCE_ROOT; };
		7169EB64214E612B00413BEF /* CarOwnerCoreData+CoreDataClass.swift */ = {isa = PBXFileReference; fileEncoding = 4; lastKnownFileType = sourcecode.swift; path = "CarOwnerCoreData+CoreDataClass.swift"; sourceTree = SOURCE_ROOT; };
		7169EB69214E6B8A00413BEF /* NSManagedObjectContext+Ext.swift */ = {isa = PBXFileReference; lastKnownFileType = sourcecode.swift; path = "NSManagedObjectContext+Ext.swift"; sourceTree = "<group>"; };
		71C673747E68116CBA5F4C2B /* Pods-car-list.release.xcconfig */ = {isa = PBXFileReference; includeInIndex = 1; lastKnownFileType = text.xcconfig; name = "Pods-car-list.release.xcconfig"; path = "Pods/Target Support Files/Pods-car-list/Pods-car-list.release.xcconfig"; sourceTree = "<group>"; };
		E6C5DB90ECEB7AC232D6FA51 /* Pods_car_list.framework */ = {isa = PBXFileReference; explicitFileType = wrapper.framework; includeInIndex = 0; path = Pods_car_list.framework; sourceTree = BUILT_PRODUCTS_DIR; };
/* End PBXFileReference section */

/* Begin PBXFrameworksBuildPhase section */
		711C1C28214E3CD1003FB8A5 /* Frameworks */ = {
			isa = PBXFrameworksBuildPhase;
			buildActionMask = 2147483647;
			files = (
				6369D42D0F11341997F53C5E /* Pods_car_list.framework in Frameworks */,
			);
			runOnlyForDeploymentPostprocessing = 0;
		};
/* End PBXFrameworksBuildPhase section */

/* Begin PBXGroup section */
		03022449E4813DFCEBFB5272 /* Pods */ = {
			isa = PBXGroup;
			children = (
				1AE59CADAB92CD96DAB3D48D /* Pods-car-list.debug.xcconfig */,
				71C673747E68116CBA5F4C2B /* Pods-car-list.release.xcconfig */,
			);
			name = Pods;
			sourceTree = "<group>";
		};
		4EF26ABDDD9335A4D7D183C8 /* Frameworks */ = {
			isa = PBXGroup;
			children = (
				E6C5DB90ECEB7AC232D6FA51 /* Pods_car_list.framework */,
			);
			name = Frameworks;
			sourceTree = "<group>";
		};
		711C1C22214E3CD1003FB8A5 = {
			isa = PBXGroup;
			children = (
				711C1C2D214E3CD1003FB8A5 /* car-list */,
				711C1C2C214E3CD1003FB8A5 /* Products */,
				03022449E4813DFCEBFB5272 /* Pods */,
				4EF26ABDDD9335A4D7D183C8 /* Frameworks */,
			);
			sourceTree = "<group>";
		};
		711C1C2C214E3CD1003FB8A5 /* Products */ = {
			isa = PBXGroup;
			children = (
				711C1C2B214E3CD1003FB8A5 /* car-list.app */,
			);
			name = Products;
			sourceTree = "<group>";
		};
		711C1C2D214E3CD1003FB8A5 /* car-list */ = {
			isa = PBXGroup;
			children = (
				7169EAED214E404C00413BEF /* Domain */,
				711C1C2E214E3CD1003FB8A5 /* AppDelegate.swift */,
				711C1C30214E3CD1003FB8A5 /* ViewController.swift */,
				711C1C32214E3CD1003FB8A5 /* Main.storyboard */,
				711C1C38214E3CD2003FB8A5 /* Assets.xcassets */,
				711C1C3A214E3CD2003FB8A5 /* LaunchScreen.storyboard */,
				711C1C3D214E3CD2003FB8A5 /* Info.plist */,
			);
			path = "car-list";
			sourceTree = "<group>";
		};
		7169EAED214E404C00413BEF /* Domain */ = {
			isa = PBXGroup;
			children = (
				7169EB5C214E5A9A00413BEF /* Services */,
				7169EB4F214E55AF00413BEF /* Storage */,
				7169EAEF214E406B00413BEF /* Models */,
				7169EAEE214E405D00413BEF /* CoreData */,
			);
			path = Domain;
			sourceTree = "<group>";
		};
		7169EAEE214E405D00413BEF /* CoreData */ = {
			isa = PBXGroup;
			children = (
				7169EB3E214E490B00413BEF /* Convertion */,
				7169EB3B214E46B500413BEF /* Models */,
				7169EB3C214E46CA00413BEF /* NSManagedObjectContext+Rx.swift */,
				7169EB69214E6B8A00413BEF /* NSManagedObjectContext+Ext.swift */,
				7169EB43214E497A00413BEF /* FetchedResultsControllerEntityObserver.swift */,
				7169EB45214E49AD00413BEF /* ContextScheduler.swift */,
				7169EB47214E4A5500413BEF /* ContextExecutor.swift */,
				7169EB4D214E4B3C00413BEF /* CoreDataStackProvider.swift */,
				7169EB4B214E4B1F00413BEF /* ManagedObjectModel.swift */,
				7169EB49214E4A6D00413BEF /* Repository.swift */,
			);
			path = CoreData;
			sourceTree = "<group>";
		};
		7169EAEF214E406B00413BEF /* Models */ = {
			isa = PBXGroup;
			children = (
				7169EB5A214E599B00413BEF /* CarModel.swift */,
				7169EB5F214E609100413BEF /* CarOwnerModel.swift */,
			);
			path = Models;
			sourceTree = "<group>";
		};
		7169EB3B214E46B500413BEF /* Models */ = {
			isa = PBXGroup;
			children = (
				7169EB62214E612B00413BEF /* CarCoreData+CoreDataClass.swift */,
				7169EB61214E612B00413BEF /* CarCoreData+CoreDataProperties.swift */,
				7169EB64214E612B00413BEF /* CarOwnerCoreData+CoreDataClass.swift */,
				7169EB63214E612B00413BEF /* CarOwnerCoreData+CoreDataProperties.swift */,
				711C1C35214E3CD1003FB8A5 /* car_list.xcdatamodeld */,
			);
			path = Models;
			sourceTree = "<group>";
		};
		7169EB3E214E490B00413BEF /* Convertion */ = {
			isa = PBXGroup;
			children = (
				7169EB3F214E491500413BEF /* Persistable.swift */,
				7169EB41214E492D00413BEF /* DomainConvertibleType.swift */,
			);
			path = Convertion;
			sourceTree = "<group>";
		};
		7169EB4F214E55AF00413BEF /* Storage */ = {
			isa = PBXGroup;
			children = (
				7169EB50214E55CA00413BEF /* CarsStorage.swift */,
			);
			path = Storage;
			sourceTree = "<group>";
		};
		7169EB5C214E5A9A00413BEF /* Services */ = {
			isa = PBXGroup;
			children = (
				7169EB5D214E5AA400413BEF /* APIService.swift */,
			);
			path = Services;
			sourceTree = "<group>";
		};
/* End PBXGroup section */

/* Begin PBXNativeTarget section */
		711C1C2A214E3CD1003FB8A5 /* car-list */ = {
			isa = PBXNativeTarget;
			buildConfigurationList = 711C1C40214E3CD2003FB8A5 /* Build configuration list for PBXNativeTarget "car-list" */;
			buildPhases = (
				C6660C7387CBBAA9BDF88A05 /* [CP] Check Pods Manifest.lock */,
				711C1C27214E3CD1003FB8A5 /* Sources */,
				711C1C28214E3CD1003FB8A5 /* Frameworks */,
				711C1C29214E3CD1003FB8A5 /* Resources */,
				6515E640F6CE5885A51CF3D3 /* [CP] Embed Pods Frameworks */,
				8CF06B1E6F65FBBBDC661CCD /* [CP] Copy Pods Resources */,
			);
			buildRules = (
			);
			dependencies = (
			);
			name = "car-list";
			productName = "car-list";
			productReference = 711C1C2B214E3CD1003FB8A5 /* car-list.app */;
			productType = "com.apple.product-type.application";
		};
/* End PBXNativeTarget section */

/* Begin PBXProject section */
		711C1C23214E3CD1003FB8A5 /* Project object */ = {
			isa = PBXProject;
			attributes = {
				LastSwiftUpdateCheck = 0940;
				LastUpgradeCheck = 0940;
				ORGANIZATIONNAME = "Timur Piriev";
				TargetAttributes = {
					711C1C2A214E3CD1003FB8A5 = {
						CreatedOnToolsVersion = 9.4;
					};
				};
			};
			buildConfigurationList = 711C1C26214E3CD1003FB8A5 /* Build configuration list for PBXProject "car-list" */;
			compatibilityVersion = "Xcode 9.3";
			developmentRegion = en;
			hasScannedForEncodings = 0;
			knownRegions = (
				en,
				Base,
			);
			mainGroup = 711C1C22214E3CD1003FB8A5;
			productRefGroup = 711C1C2C214E3CD1003FB8A5 /* Products */;
			projectDirPath = "";
			projectRoot = "";
			targets = (
				711C1C2A214E3CD1003FB8A5 /* car-list */,
			);
		};
/* End PBXProject section */

/* Begin PBXResourcesBuildPhase section */
		711C1C29214E3CD1003FB8A5 /* Resources */ = {
			isa = PBXResourcesBuildPhase;
			buildActionMask = 2147483647;
			files = (
				711C1C3C214E3CD2003FB8A5 /* LaunchScreen.storyboard in Resources */,
				711C1C39214E3CD2003FB8A5 /* Assets.xcassets in Resources */,
				711C1C34214E3CD1003FB8A5 /* Main.storyboard in Resources */,
			);
			runOnlyForDeploymentPostprocessing = 0;
		};
/* End PBXResourcesBuildPhase section */

/* Begin PBXShellScriptBuildPhase section */
		6515E640F6CE5885A51CF3D3 /* [CP] Embed Pods Frameworks */ = {
			isa = PBXShellScriptBuildPhase;
			buildActionMask = 2147483647;
			files = (
			);
			inputPaths = (
				"${SRCROOT}/Pods/Target Support Files/Pods-car-list/Pods-car-list-frameworks.sh",
				"${BUILT_PRODUCTS_DIR}/ObjectMapper/ObjectMapper.framework",
				"${BUILT_PRODUCTS_DIR}/RxCocoa/RxCocoa.framework",
				"${BUILT_PRODUCTS_DIR}/RxSwift/RxSwift.framework",
			);
			name = "[CP] Embed Pods Frameworks";
			outputPaths = (
				"${TARGET_BUILD_DIR}/${FRAMEWORKS_FOLDER_PATH}/ObjectMapper.framework",
				"${TARGET_BUILD_DIR}/${FRAMEWORKS_FOLDER_PATH}/RxCocoa.framework",
				"${TARGET_BUILD_DIR}/${FRAMEWORKS_FOLDER_PATH}/RxSwift.framework",
			);
			runOnlyForDeploymentPostprocessing = 0;
			shellPath = /bin/sh;
			shellScript = "\"${SRCROOT}/Pods/Target Support Files/Pods-car-list/Pods-car-list-frameworks.sh\"\n";
			showEnvVarsInLog = 0;
		};
		8CF06B1E6F65FBBBDC661CCD /* [CP] Copy Pods Resources */ = {
			isa = PBXShellScriptBuildPhase;
			buildActionMask = 2147483647;
			files = (
			);
			inputPaths = (
			);
			name = "[CP] Copy Pods Resources";
			outputPaths = (
			);
			runOnlyForDeploymentPostprocessing = 0;
			shellPath = /bin/sh;
			shellScript = "\"${SRCROOT}/Pods/Target Support Files/Pods-car-list/Pods-car-list-resources.sh\"\n";
			showEnvVarsInLog = 0;
		};
		C6660C7387CBBAA9BDF88A05 /* [CP] Check Pods Manifest.lock */ = {
			isa = PBXShellScriptBuildPhase;
			buildActionMask = 2147483647;
			files = (
			);
			inputPaths = (
				"${PODS_PODFILE_DIR_PATH}/Podfile.lock",
				"${PODS_ROOT}/Manifest.lock",
			);
			name = "[CP] Check Pods Manifest.lock";
			outputPaths = (
				"$(DERIVED_FILE_DIR)/Pods-car-list-checkManifestLockResult.txt",
			);
			runOnlyForDeploymentPostprocessing = 0;
			shellPath = /bin/sh;
			shellScript = "diff \"${PODS_PODFILE_DIR_PATH}/Podfile.lock\" \"${PODS_ROOT}/Manifest.lock\" > /dev/null\nif [ $? != 0 ] ; then\n    # print error to STDERR\n    echo \"error: The sandbox is not in sync with the Podfile.lock. Run 'pod install' or update your CocoaPods installation.\" >&2\n    exit 1\nfi\n# This output is used by Xcode 'outputs' to avoid re-running this script phase.\necho \"SUCCESS\" > \"${SCRIPT_OUTPUT_FILE_0}\"\n";
			showEnvVarsInLog = 0;
		};
/* End PBXShellScriptBuildPhase section */

/* Begin PBXSourcesBuildPhase section */
		711C1C27214E3CD1003FB8A5 /* Sources */ = {
			isa = PBXSourcesBuildPhase;
			buildActionMask = 2147483647;
			files = (
				7169EB65214E612B00413BEF /* CarCoreData+CoreDataProperties.swift in Sources */,
				7169EB66214E612B00413BEF /* CarCoreData+CoreDataClass.swift in Sources */,
				7169EB5E214E5AA400413BEF /* APIService.swift in Sources */,
				7169EB68214E612B00413BEF /* CarOwnerCoreData+CoreDataClass.swift in Sources */,
				7169EB67214E612B00413BEF /* CarOwnerCoreData+CoreDataProperties.swift in Sources */,
				7169EB44214E497A00413BEF /* FetchedResultsControllerEntityObserver.swift in Sources */,
				7169EB40214E491500413BEF /* Persistable.swift in Sources */,
				7169EB51214E55CA00413BEF /* CarsStorage.swift in Sources */,
				7169EB3D214E46CA00413BEF /* NSManagedObjectContext+Rx.swift in Sources */,
				7169EB42214E492D00413BEF /* DomainConvertibleType.swift in Sources */,
				7169EB46214E49AD00413BEF /* ContextScheduler.swift in Sources */,
				711C1C31214E3CD1003FB8A5 /* ViewController.swift in Sources */,
				7169EB4A214E4A6D00413BEF /* Repository.swift in Sources */,
				711C1C37214E3CD1003FB8A5 /* car_list.xcdatamodeld in Sources */,
				7169EB4E214E4B3C00413BEF /* CoreDataStackProvider.swift in Sources */,
				7169EB5B214E599B00413BEF /* CarModel.swift in Sources */,
				7169EB6A214E6B8A00413BEF /* NSManagedObjectContext+Ext.swift in Sources */,
				7169EB60214E609100413BEF /* CarOwnerModel.swift in Sources */,
				7169EB4C214E4B1F00413BEF /* ManagedObjectModel.swift in Sources */,
				7169EB48214E4A5500413BEF /* ContextExecutor.swift in Sources */,
				711C1C2F214E3CD1003FB8A5 /* AppDelegate.swift in Sources */,
			);
			runOnlyForDeploymentPostprocessing = 0;
		};
/* End PBXSourcesBuildPhase section */

/* Begin PBXVariantGroup section */
		711C1C32214E3CD1003FB8A5 /* Main.storyboard */ = {
			isa = PBXVariantGroup;
			children = (
				711C1C33214E3CD1003FB8A5 /* Base */,
			);
			name = Main.storyboard;
			sourceTree = "<group>";
		};
		711C1C3A214E3CD2003FB8A5 /* LaunchScreen.storyboard */ = {
			isa = PBXVariantGroup;
			children = (
				711C1C3B214E3CD2003FB8A5 /* Base */,
			);
			name = LaunchScreen.storyboard;
			sourceTree = "<group>";
		};
/* End PBXVariantGroup section */

/* Begin XCBuildConfiguration section */
		711C1C3E214E3CD2003FB8A5 /* Debug */ = {
			isa = XCBuildConfiguration;
			buildSettings = {
				ALWAYS_SEARCH_USER_PATHS = NO;
				CLANG_ANALYZER_NONNULL = YES;
				CLANG_ANALYZER_NUMBER_OBJECT_CONVERSION = YES_AGGRESSIVE;
				CLANG_CXX_LANGUAGE_STANDARD = "gnu++14";
				CLANG_CXX_LIBRARY = "libc++";
				CLANG_ENABLE_MODULES = YES;
				CLANG_ENABLE_OBJC_ARC = YES;
				CLANG_ENABLE_OBJC_WEAK = YES;
				CLANG_WARN_BLOCK_CAPTURE_AUTORELEASING = YES;
				CLANG_WARN_BOOL_CONVERSION = YES;
				CLANG_WARN_COMMA = YES;
				CLANG_WARN_CONSTANT_CONVERSION = YES;
				CLANG_WARN_DEPRECATED_OBJC_IMPLEMENTATIONS = YES;
				CLANG_WARN_DIRECT_OBJC_ISA_USAGE = YES_ERROR;
				CLANG_WARN_DOCUMENTATION_COMMENTS = YES;
				CLANG_WARN_EMPTY_BODY = YES;
				CLANG_WARN_ENUM_CONVERSION = YES;
				CLANG_WARN_INFINITE_RECURSION = YES;
				CLANG_WARN_INT_CONVERSION = YES;
				CLANG_WARN_NON_LITERAL_NULL_CONVERSION = YES;
				CLANG_WARN_OBJC_IMPLICIT_RETAIN_SELF = YES;
				CLANG_WARN_OBJC_LITERAL_CONVERSION = YES;
				CLANG_WARN_OBJC_ROOT_CLASS = YES_ERROR;
				CLANG_WARN_RANGE_LOOP_ANALYSIS = YES;
				CLANG_WARN_STRICT_PROTOTYPES = YES;
				CLANG_WARN_SUSPICIOUS_MOVE = YES;
				CLANG_WARN_UNGUARDED_AVAILABILITY = YES_AGGRESSIVE;
				CLANG_WARN_UNREACHABLE_CODE = YES;
				CLANG_WARN__DUPLICATE_METHOD_MATCH = YES;
				CODE_SIGN_IDENTITY = "iPhone Developer";
				COPY_PHASE_STRIP = NO;
				DEBUG_INFORMATION_FORMAT = dwarf;
				ENABLE_STRICT_OBJC_MSGSEND = YES;
				ENABLE_TESTABILITY = YES;
				GCC_C_LANGUAGE_STANDARD = gnu11;
				GCC_DYNAMIC_NO_PIC = NO;
				GCC_NO_COMMON_BLOCKS = YES;
				GCC_OPTIMIZATION_LEVEL = 0;
				GCC_PREPROCESSOR_DEFINITIONS = (
					"DEBUG=1",
					"$(inherited)",
				);
				GCC_WARN_64_TO_32_BIT_CONVERSION = YES;
				GCC_WARN_ABOUT_RETURN_TYPE = YES_ERROR;
				GCC_WARN_UNDECLARED_SELECTOR = YES;
				GCC_WARN_UNINITIALIZED_AUTOS = YES_AGGRESSIVE;
				GCC_WARN_UNUSED_FUNCTION = YES;
				GCC_WARN_UNUSED_VARIABLE = YES;
				IPHONEOS_DEPLOYMENT_TARGET = 11.4;
				MTL_ENABLE_DEBUG_INFO = YES;
				ONLY_ACTIVE_ARCH = YES;
				SDKROOT = iphoneos;
				SWIFT_ACTIVE_COMPILATION_CONDITIONS = DEBUG;
				SWIFT_OPTIMIZATION_LEVEL = "-Onone";
			};
			name = Debug;
		};
		711C1C3F214E3CD2003FB8A5 /* Release */ = {
			isa = XCBuildConfiguration;
			buildSettings = {
				ALWAYS_SEARCH_USER_PATHS = NO;
				CLANG_ANALYZER_NONNULL = YES;
				CLANG_ANALYZER_NUMBER_OBJECT_CONVERSION = YES_AGGRESSIVE;
				CLANG_CXX_LANGUAGE_STANDARD = "gnu++14";
				CLANG_CXX_LIBRARY = "libc++";
				CLANG_ENABLE_MODULES = YES;
				CLANG_ENABLE_OBJC_ARC = YES;
				CLANG_ENABLE_OBJC_WEAK = YES;
				CLANG_WARN_BLOCK_CAPTURE_AUTORELEASING = YES;
				CLANG_WARN_BOOL_CONVERSION = YES;
				CLANG_WARN_COMMA = YES;
				CLANG_WARN_CONSTANT_CONVERSION = YES;
				CLANG_WARN_DEPRECATED_OBJC_IMPLEMENTATIONS = YES;
				CLANG_WARN_DIRECT_OBJC_ISA_USAGE = YES_ERROR;
				CLANG_WARN_DOCUMENTATION_COMMENTS = YES;
				CLANG_WARN_EMPTY_BODY = YES;
				CLANG_WARN_ENUM_CONVERSION = YES;
				CLANG_WARN_INFINITE_RECURSION = YES;
				CLANG_WARN_INT_CONVERSION = YES;
				CLANG_WARN_NON_LITERAL_NULL_CONVERSION = YES;
				CLANG_WARN_OBJC_IMPLICIT_RETAIN_SELF = YES;
				CLANG_WARN_OBJC_LITERAL_CONVERSION = YES;
				CLANG_WARN_OBJC_ROOT_CLASS = YES_ERROR;
				CLANG_WARN_RANGE_LOOP_ANALYSIS = YES;
				CLANG_WARN_STRICT_PROTOTYPES = YES;
				CLANG_WARN_SUSPICIOUS_MOVE = YES;
				CLANG_WARN_UNGUARDED_AVAILABILITY = YES_AGGRESSIVE;
				CLANG_WARN_UNREACHABLE_CODE = YES;
				CLANG_WARN__DUPLICATE_METHOD_MATCH = YES;
				CODE_SIGN_IDENTITY = "iPhone Developer";
				COPY_PHASE_STRIP = NO;
				DEBUG_INFORMATION_FORMAT = "dwarf-with-dsym";
				ENABLE_NS_ASSERTIONS = NO;
				ENABLE_STRICT_OBJC_MSGSEND = YES;
				GCC_C_LANGUAGE_STANDARD = gnu11;
				GCC_NO_COMMON_BLOCKS = YES;
				GCC_WARN_64_TO_32_BIT_CONVERSION = YES;
				GCC_WARN_ABOUT_RETURN_TYPE = YES_ERROR;
				GCC_WARN_UNDECLARED_SELECTOR = YES;
				GCC_WARN_UNINITIALIZED_AUTOS = YES_AGGRESSIVE;
				GCC_WARN_UNUSED_FUNCTION = YES;
				GCC_WARN_UNUSED_VARIABLE = YES;
				IPHONEOS_DEPLOYMENT_TARGET = 11.4;
				MTL_ENABLE_DEBUG_INFO = NO;
				SDKROOT = iphoneos;
				SWIFT_COMPILATION_MODE = wholemodule;
				SWIFT_OPTIMIZATION_LEVEL = "-O";
				VALIDATE_PRODUCT = YES;
			};
			name = Release;
		};
		711C1C41214E3CD2003FB8A5 /* Debug */ = {
			isa = XCBuildConfiguration;
			baseConfigurationReference = 1AE59CADAB92CD96DAB3D48D /* Pods-car-list.debug.xcconfig */;
			buildSettings = {
				ASSETCATALOG_COMPILER_APPICON_NAME = AppIcon;
				CODE_SIGN_STYLE = Automatic;
				INFOPLIST_FILE = "car-list/Info.plist";
				LD_RUNPATH_SEARCH_PATHS = (
					"$(inherited)",
					"@executable_path/Frameworks",
				);
				PRODUCT_BUNDLE_IDENTIFIER = "com.ptb.car-list";
				PRODUCT_NAME = "$(TARGET_NAME)";
				SWIFT_VERSION = 4.0;
				TARGETED_DEVICE_FAMILY = "1,2";
			};
			name = Debug;
		};
		711C1C42214E3CD2003FB8A5 /* Release */ = {
			isa = XCBuildConfiguration;
			baseConfigurationReference = 71C673747E68116CBA5F4C2B /* Pods-car-list.release.xcconfig */;
			buildSettings = {
				ASSETCATALOG_COMPILER_APPICON_NAME = AppIcon;
				CODE_SIGN_STYLE = Automatic;
				INFOPLIST_FILE = "car-list/Info.plist";
				LD_RUNPATH_SEARCH_PATHS = (
					"$(inherited)",
					"@executable_path/Frameworks",
				);
				PRODUCT_BUNDLE_IDENTIFIER = "com.ptb.car-list";
				PRODUCT_NAME = "$(TARGET_NAME)";
				SWIFT_VERSION = 4.0;
				TARGETED_DEVICE_FAMILY = "1,2";
			};
			name = Release;
		};
/* End XCBuildConfiguration section */

/* Begin XCConfigurationList section */
		711C1C26214E3CD1003FB8A5 /* Build configuration list for PBXProject "car-list" */ = {
			isa = XCConfigurationList;
			buildConfigurations = (
				711C1C3E214E3CD2003FB8A5 /* Debug */,
				711C1C3F214E3CD2003FB8A5 /* Release */,
			);
			defaultConfigurationIsVisible = 0;
			defaultConfigurationName = Release;
		};
		711C1C40214E3CD2003FB8A5 /* Build configuration list for PBXNativeTarget "car-list" */ = {
			isa = XCConfigurationList;
			buildConfigurations = (
				711C1C41214E3CD2003FB8A5 /* Debug */,
				711C1C42214E3CD2003FB8A5 /* Release */,
			);
			defaultConfigurationIsVisible = 0;
			defaultConfigurationName = Release;
		};
/* End XCConfigurationList section */

/* Begin XCVersionGroup section */
		711C1C35214E3CD1003FB8A5 /* car_list.xcdatamodeld */ = {
			isa = XCVersionGroup;
			children = (
				711C1C36214E3CD1003FB8A5 /* car_list.xcdatamodel */,
			);
			currentVersion = 711C1C36214E3CD1003FB8A5 /* car_list.xcdatamodel */;
			path = car_list.xcdatamodeld;
			sourceTree = "<group>";
			versionGroupType = wrapper.xcdatamodel;
		};
/* End XCVersionGroup section */
	};
	rootObject = 711C1C23214E3CD1003FB8A5 /* Project object */;
}
